
Microsoft Visual Studio Solution File, Format Version 12.00
# Visual Studio 2013
VisualStudioVersion = 12.0.21005.1
MinimumVisualStudioVersion = 10.0.40219.1
Project("{2150E333-8FDC-42A3-9474-1A3956D46DE8}") = "AWen.TaskManager", "AWen.TaskManager", "{BCD86578-2B21-4BA1-A6E5-336EC069B18F}"
EndProject
Project("{FAE04EC0-301F-11D3-BF4B-00C04F79EFBC}") = "AWen.TaskManager.Services", "AWen.TaskManager.Services\AWen.TaskManager.Services.csproj", "{29C23F01-951E-4A9B-864F-84109E5C0F95}"
EndProject
Project("{FAE04EC0-301F-11D3-BF4B-00C04F79EFBC}") = "AWen.TaskManager.Core", "AWen.TaskManager.Core\AWen.TaskManager.Core.csproj", "{96252E38-7295-4FC9-A947-50E5F779DCC6}"
EndProject
Project("{FAE04EC0-301F-11D3-BF4B-00C04F79EFBC}") = "AWen.TaskManager.Web", "AWen.TaskManager.Web\AWen.TaskManager.Web.csproj", "{041BFE31-C9BC-40D1-A486-780F4ED396BB}"
EndProject
Project("{2150E333-8FDC-42A3-9474-1A3956D46DE8}") = "AWen.Framework", "AWen.Framework", "{2397F1B1-BF51-4A9C-BCFC-E4BAD4692403}"
EndProject
Project("{FAE04EC0-301F-11D3-BF4B-00C04F79EFBC}") = "AWen.Framework.Interface", "AWen.Framework.Interface\AWen.Framework.Interface.csproj", "{590A0DE2-844B-480E-A30B-EEEFE495FC10}"
EndProject
Project("{FAE04EC0-301F-11D3-BF4B-00C04F79EFBC}") = "AWen.Framework.Infrastructure", "AWen.Framework.Infrastructure\AWen.Framework.Infrastructure.csproj", "{D8E04BE2-ECFF-4962-BE31-B05F10AD2D84}"
EndProject
Project("{FAE04EC0-301F-11D3-BF4B-00C04F79EFBC}") = "AWen.Framework.Utils", "AWen.Framework.Utils\AWen.Framework.Utils.csproj", "{2E8F418B-CC3D-4875-AA01-986F319FE146}"
EndProject
Project("{FAE04EC0-301F-11D3-BF4B-00C04F79EFBC}") = "AWen.Framework.UnitTest", "AWen.Framework.UnitTest\AWen.Framework.UnitTest.csproj", "{39D574FA-B41C-4CF5-BA17-AF539768DAA2}"
EndProject
Project("{FAE04EC0-301F-11D3-BF4B-00C04F79EFBC}") = "AWen.Framework.Cache", "AWen.Framework.Cache\AWen.Framework.Cache.csproj", "{4C7384E0-0282-4BE2-8FF4-9D760EFFE48F}"
EndProject
Project("{FAE04EC0-301F-11D3-BF4B-00C04F79EFBC}") = "AWen.Framework.Logger", "AWen.Framework.Logger\AWen.Framework.Logger.csproj", "{5016D251-7125-4383-9C50-42D013AA681F}"
EndProject
Project("{2150E333-8FDC-42A3-9474-1A3956D46DE8}") = "Impl", "Impl", "{922A86E4-9198-4B85-B6FD-BF7D0298B7E2}"
EndProject
Global
	GlobalSection(SolutionConfigurationPlatforms) = preSolution
		Debug|Any CPU = Debug|Any CPU
		Release|Any CPU = Release|Any CPU
	EndGlobalSection
	GlobalSection(ProjectConfigurationPlatforms) = postSolution
		{29C23F01-951E-4A9B-864F-84109E5C0F95}.Debug|Any CPU.ActiveCfg = Debug|Any CPU
		{29C23F01-951E-4A9B-864F-84109E5C0F95}.Debug|Any CPU.Build.0 = Debug|Any CPU
		{29C23F01-951E-4A9B-864F-84109E5C0F95}.Release|Any CPU.ActiveCfg = Release|Any CPU
		{29C23F01-951E-4A9B-864F-84109E5C0F95}.Release|Any CPU.Build.0 = Release|Any CPU
		{96252E38-7295-4FC9-A947-50E5F779DCC6}.Debug|Any CPU.ActiveCfg = Debug|Any CPU
		{96252E38-7295-4FC9-A947-50E5F779DCC6}.Debug|Any CPU.Build.0 = Debug|Any CPU
		{96252E38-7295-4FC9-A947-50E5F779DCC6}.Release|Any CPU.ActiveCfg = Release|Any CPU
		{96252E38-7295-4FC9-A947-50E5F779DCC6}.Release|Any CPU.Build.0 = Release|Any CPU
		{041BFE31-C9BC-40D1-A486-780F4ED396BB}.Debug|Any CPU.ActiveCfg = Debug|Any CPU
		{041BFE31-C9BC-40D1-A486-780F4ED396BB}.Debug|Any CPU.Build.0 = Debug|Any CPU
		{041BFE31-C9BC-40D1-A486-780F4ED396BB}.Release|Any CPU.ActiveCfg = Release|Any CPU
		{041BFE31-C9BC-40D1-A486-780F4ED396BB}.Release|Any CPU.Build.0 = Release|Any CPU
		{590A0DE2-844B-480E-A30B-EEEFE495FC10}.Debug|Any CPU.ActiveCfg = Debug|Any CPU
		{590A0DE2-844B-480E-A30B-EEEFE495FC10}.Debug|Any CPU.Build.0 = Debug|Any CPU
		{590A0DE2-844B-480E-A30B-EEEFE495FC10}.Release|Any CPU.ActiveCfg = Release|Any CPU
		{590A0DE2-844B-480E-A30B-EEEFE495FC10}.Release|Any CPU.Build.0 = Release|Any CPU
		{D8E04BE2-ECFF-4962-BE31-B05F10AD2D84}.Debug|Any CPU.ActiveCfg = Debug|Any CPU
		{D8E04BE2-ECFF-4962-BE31-B05F10AD2D84}.Debug|Any CPU.Build.0 = Debug|Any CPU
		{D8E04BE2-ECFF-4962-BE31-B05F10AD2D84}.Release|Any CPU.ActiveCfg = Release|Any CPU
		{D8E04BE2-ECFF-4962-BE31-B05F10AD2D84}.Release|Any CPU.Build.0 = Release|Any CPU
		{2E8F418B-CC3D-4875-AA01-986F319FE146}.Debug|Any CPU.ActiveCfg = Debug|Any CPU
		{2E8F418B-CC3D-4875-AA01-986F319FE146}.Debug|Any CPU.Build.0 = Debug|Any CPU
		{2E8F418B-CC3D-4875-AA01-986F319FE146}.Release|Any CPU.ActiveCfg = Release|Any CPU
		{2E8F418B-CC3D-4875-AA01-986F319FE146}.Release|Any CPU.Build.0 = Release|Any CPU
		{39D574FA-B41C-4CF5-BA17-AF539768DAA2}.Debug|Any CPU.ActiveCfg = Debug|Any CPU
		{39D574FA-B41C-4CF5-BA17-AF539768DAA2}.Debug|Any CPU.Build.0 = Debug|Any CPU
		{39D574FA-B41C-4CF5-BA17-AF539768DAA2}.Release|Any CPU.ActiveCfg = Release|Any CPU
		{39D574FA-B41C-4CF5-BA17-AF539768DAA2}.Release|Any CPU.Build.0 = Release|Any CPU
		{4C7384E0-0282-4BE2-8FF4-9D760EFFE48F}.Debug|Any CPU.ActiveCfg = Debug|Any CPU
		{4C7384E0-0282-4BE2-8FF4-9D760EFFE48F}.Debug|Any CPU.Build.0 = Debug|Any CPU
		{4C7384E0-0282-4BE2-8FF4-9D760EFFE48F}.Release|Any CPU.ActiveCfg = Release|Any CPU
		{4C7384E0-0282-4BE2-8FF4-9D760EFFE48F}.Release|Any CPU.Build.0 = Release|Any CPU
		{5016D251-7125-4383-9C50-42D013AA681F}.Debug|Any CPU.ActiveCfg = Debug|Any CPU
		{5016D251-7125-4383-9C50-42D013AA681F}.Debug|Any CPU.Build.0 = Debug|Any CPU
		{5016D251-7125-4383-9C50-42D013AA681F}.Release|Any CPU.ActiveCfg = Release|Any CPU
		{5016D251-7125-4383-9C50-42D013AA681F}.Release|Any CPU.Build.0 = Release|Any CPU
	EndGlobalSection
	GlobalSection(SolutionProperties) = preSolution
		HideSolutionNode = FALSE
	EndGlobalSection
	GlobalSection(NestedProjects) = preSolution
		{29C23F01-951E-4A9B-864F-84109E5C0F95} = {BCD86578-2B21-4BA1-A6E5-336EC069B18F}
		{96252E38-7295-4FC9-A947-50E5F779DCC6} = {BCD86578-2B21-4BA1-A6E5-336EC069B18F}
		{041BFE31-C9BC-40D1-A486-780F4ED396BB} = {BCD86578-2B21-4BA1-A6E5-336EC069B18F}
		{590A0DE2-844B-480E-A30B-EEEFE495FC10} = {2397F1B1-BF51-4A9C-BCFC-E4BAD4692403}
		{D8E04BE2-ECFF-4962-BE31-B05F10AD2D84} = {2397F1B1-BF51-4A9C-BCFC-E4BAD4692403}
		{2E8F418B-CC3D-4875-AA01-986F319FE146} = {2397F1B1-BF51-4A9C-BCFC-E4BAD4692403}
		{39D574FA-B41C-4CF5-BA17-AF539768DAA2} = {2397F1B1-BF51-4A9C-BCFC-E4BAD4692403}
		{922A86E4-9198-4B85-B6FD-BF7D0298B7E2} = {2397F1B1-BF51-4A9C-BCFC-E4BAD4692403}
		{4C7384E0-0282-4BE2-8FF4-9D760EFFE48F} = {922A86E4-9198-4B85-B6FD-BF7D0298B7E2}
		{5016D251-7125-4383-9C50-42D013AA681F} = {922A86E4-9198-4B85-B6FD-BF7D0298B7E2}
	EndGlobalSection
EndGlobal
